Microsoft Visual Studio Solution File, Format Version 12.00
# Visual Studio 2012
Project("{1B19158F-E398-40A6-8E3B-350508E125F1}") = "LocalizeWidgets", "LocalizeWidgets\LocalizeWidgets.dxjsproj", "{1D5EDC5E-CF3E-4CB3-B9FE-8D81B0663692}"
EndProject
Global
	GlobalSection(SolutionConfigurationPlatforms) = preSolution
		Debug|Any CPU = Debug|Any CPU
		Release|Any CPU = Release|Any CPU
	EndGlobalSection
	GlobalSection(ProjectConfigurationPlatforms) = postSolution
		{1D5EDC5E-CF3E-4CB3-B9FE-8D81B0663692}.Debug|Any CPU.ActiveCfg = Debug|Any CPU
		{1D5EDC5E-CF3E-4CB3-B9FE-8D81B0663692}.Debug|Any CPU.Build.0 = Debug|Any CPU
		{1D5EDC5E-CF3E-4CB3-B9FE-8D81B0663692}.Release|Any CPU.ActiveCfg = Release|Any CPU
		{1D5EDC5E-CF3E-4CB3-B9FE-8D81B0663692}.Release|Any CPU.Build.0 = Release|Any CPU
	EndGlobalSection
	GlobalSection(SolutionProperties) = preSolution
		HideSolutionNode = FALSE
	EndGlobalSection
EndGlobal
